
Microsoft Visual Studio Solution File, Format Version 12.00
# Visual Studio Version 17
VisualStudioVersion = 17.2.32505.173
MinimumVisualStudioVersion = 10.0.40219.1
Project("{FAE04EC0-301F-11D3-BF4B-00C04F79EFBC}") = "LabBigSchool_NguyenMinhChien", "LabBigSchool_NguyenMinhChien\LabBigSchool_NguyenMinhChien.csproj", "{CCCE4649-FBEC-48BA-9920-93DBFC6A347C}"
EndProject
Global
	GlobalSection(SolutionConfigurationPlatforms) = preSolution
		Debug|Any CPU = Debug|Any CPU
		Release|Any CPU = Release|Any CPU
	EndGlobalSection
	GlobalSection(ProjectConfigurationPlatforms) = postSolution
		{CCCE4649-FBEC-48BA-9920-93DBFC6A347C}.Debug|Any CPU.ActiveCfg = Debug|Any CPU
		{CCCE4649-FBEC-48BA-9920-93DBFC6A347C}.Debug|Any CPU.Build.0 = Debug|Any CPU
		{CCCE4649-FBEC-48BA-9920-93DBFC6A347C}.Release|Any CPU.ActiveCfg = Release|Any CPU
		{CCCE4649-FBEC-48BA-9920-93DBFC6A347C}.Release|Any CPU.Build.0 = Release|Any CPU
	EndGlobalSection
	GlobalSection(SolutionProperties) = preSolution
		HideSolutionNode = FALSE
	EndGlobalSection
	GlobalSection(ExtensibilityGlobals) = postSolution
		SolutionGuid = {CF5AAD7C-8D15-4032-934C-8B695B79EBA9}
	EndGlobalSection
EndGlobal
